
Microsoft Visual Studio Solution File, Format Version 12.00
# Visual Studio 2012
Project("{FAE04EC0-301F-11D3-BF4B-00C04F79EFBC}") = "LogFile", "LogFile\LogFile.csproj", "{B11B40E4-858F-422B-A5A4-38A687DF0991}"
EndProject
Global
	GlobalSection(SolutionConfigurationPlatforms) = preSolution
		Debug|Any CPU = Debug|Any CPU
		Release|Any CPU = Release|Any CPU
	EndGlobalSection
	GlobalSection(ProjectConfigurationPlatforms) = postSolution
		{B11B40E4-858F-422B-A5A4-38A687DF0991}.Debug|Any CPU.ActiveCfg = Debug|Any CPU
		{B11B40E4-858F-422B-A5A4-38A687DF0991}.Debug|Any CPU.Build.0 = Debug|Any CPU
		{B11B40E4-858F-422B-A5A4-38A687DF0991}.Release|Any CPU.ActiveCfg = Release|Any CPU
		{B11B40E4-858F-422B-A5A4-38A687DF0991}.Release|Any CPU.Build.0 = Release|Any CPU
	EndGlobalSection
	GlobalSection(SolutionProperties) = preSolution
		HideSolutionNode = FALSE
	EndGlobalSection
EndGlobal
